
Microsoft Visual Studio Solution File, Format Version 12.00
# Visual Studio Version 17
VisualStudioVersion = 17.8.34309.116
MinimumVisualStudioVersion = 10.0.40219.1
Project("{FAE04EC0-301F-11D3-BF4B-00C04F79EFBC}") = "EsercizioVisuale", "EsercizioVisuale\EsercizioVisuale.csproj", "{2D871E98-A2EC-43B1-9478-C5B9EAB37E8F}"
EndProject
Global
	GlobalSection(SolutionConfigurationPlatforms) = preSolution
		Debug|Any CPU = Debug|Any CPU
		Release|Any CPU = Release|Any CPU
	EndGlobalSection
	GlobalSection(ProjectConfigurationPlatforms) = postSolution
		{2D871E98-A2EC-43B1-9478-C5B9EAB37E8F}.Debug|Any CPU.ActiveCfg = Debug|Any CPU
		{2D871E98-A2EC-43B1-9478-C5B9EAB37E8F}.Debug|Any CPU.Build.0 = Debug|Any CPU
		{2D871E98-A2EC-43B1-9478-C5B9EAB37E8F}.Release|Any CPU.ActiveCfg = Release|Any CPU
		{2D871E98-A2EC-43B1-9478-C5B9EAB37E8F}.Release|Any CPU.Build.0 = Release|Any CPU
	EndGlobalSection
	GlobalSection(SolutionProperties) = preSolution
		HideSolutionNode = FALSE
	EndGlobalSection
	GlobalSection(ExtensibilityGlobals) = postSolution
		SolutionGuid = {3DB24A3D-86DB-4128-AFC1-B9FF77A78925}
	EndGlobalSection
EndGlobal
